// !$*UTF8*$!
{
	archiveVersion = 1;
	classes = {
	};
	objectVersion = 46;
	objects = {

/* Begin PBXBuildFile section */
		BC7CC0111EFBB9BA00BADD29 /* LaunchImage-320-480@2x.png in Resources */ = {isa = PBXBuildFile; fileRef = BC7CC00D1EFBB9BA00BADD29 /* LaunchImage-320-480@2x.png */; };
		BC7CC0121EFBB9BA00BADD29 /* LaunchImage-320-568h@2x.png in Resources */ = {isa = PBXBuildFile; fileRef = BC7CC00E1EFBB9BA00BADD29 /* LaunchImage-320-568h@2x.png */; };
		BC7CC0131EFBB9BA00BADD29 /* LaunchImage-375-667h@2x.png in Resources */ = {isa = PBXBuildFile; fileRef = BC7CC00F1EFBB9BA00BADD29 /* LaunchImage-375-667h@2x.png */; };
		BC7CC0141EFBB9BA00BADD29 /* LaunchImage-414-736h@3x.png in Resources */ = {isa = PBXBuildFile; fileRef = BC7CC0101EFBB9BA00BADD29 /* LaunchImage-414-736h@3x.png */; };
		BC7CC0191EFBCD5D00BADD29 /* YTClientAPIService.m in Sources */ = {isa = PBXBuildFile; fileRef = BC7CC0181EFBCD5D00BADD29 /* YTClientAPIService.m */; };
		BC7CC01C1EFBD1A600BADD29 /* YTUserModel.m in Sources */ = {isa = PBXBuildFile; fileRef = BC7CC01B1EFBD1A600BADD29 /* YTUserModel.m */; };
		BC7CC01E1EFBD49200BADD29 /* main.m in Sources */ = {isa = PBXBuildFile; fileRef = BC7CC01D1EFBD49200BADD29 /* main.m */; };
		BC7CC0201EFBD49D00BADD29 /* Info.plist in Resources */ = {isa = PBXBuildFile; fileRef = BC7CC01F1EFBD49D00BADD29 /* Info.plist */; };
		BC7CC0231EFBD70F00BADD29 /* YTClientAPIManager.m in Sources */ = {isa = PBXBuildFile; fileRef = BC7CC0221EFBD70F00BADD29 /* YTClientAPIManager.m */; };
		BC9698AC1EFBB1C10062D5B6 /* YTBaseViewController.m in Sources */ = {isa = PBXBuildFile; fileRef = BC96989D1EFBB1C10062D5B6 /* YTBaseViewController.m */; };
		BC9698AD1EFBB1C10062D5B6 /* YTMessageViewController.m in Sources */ = {isa = PBXBuildFile; fileRef = BC96989F1EFBB1C10062D5B6 /* YTMessageViewController.m */; };
		BC9698AE1EFBB1C10062D5B6 /* YTMineViewController.m in Sources */ = {isa = PBXBuildFile; fileRef = BC9698A11EFBB1C10062D5B6 /* YTMineViewController.m */; };
		BC9698AF1EFBB1C10062D5B6 /* YTProjectViewController.m in Sources */ = {isa = PBXBuildFile; fileRef = BC9698A31EFBB1C10062D5B6 /* YTProjectViewController.m */; };
		BC9698B01EFBB1C10062D5B6 /* YTRootNavController.m in Sources */ = {isa = PBXBuildFile; fileRef = BC9698A51EFBB1C10062D5B6 /* YTRootNavController.m */; };
		BC9698B11EFBB1C10062D5B6 /* YTRootTabbarController.m in Sources */ = {isa = PBXBuildFile; fileRef = BC9698A71EFBB1C10062D5B6 /* YTRootTabbarController.m */; };
		BC9698B21EFBB1C10062D5B6 /* YTTaskViewController.m in Sources */ = {isa = PBXBuildFile; fileRef = BC9698A91EFBB1C10062D5B6 /* YTTaskViewController.m */; };
		BC9698B31EFBB1C10062D5B6 /* YTTweetViewController.m in Sources */ = {isa = PBXBuildFile; fileRef = BC9698AB1EFBB1C10062D5B6 /* YTTweetViewController.m */; };
		BCF3A33E1EFBA45100A431E2 /* AppDelegate.m in Sources */ = {isa = PBXBuildFile; fileRef = BCF3A33D1EFBA45100A431E2 /* AppDelegate.m */; };
		BCF3A3461EFBA45100A431E2 /* Assets.xcassets in Resources */ = {isa = PBXBuildFile; fileRef = BCF3A3451EFBA45100A431E2 /* Assets.xcassets */; };
		F8CBDE39DCE706DF3C143641 /* libPods-coding_test.a in Frameworks */ = {isa = PBXBuildFile; fileRef = 961B59ECCA30FDB36B947D76 /* libPods-coding_test.a */; };
/* End PBXBuildFile section */

/* Begin PBXFileReference section */
		2D80D8412A7AC2F7189EFEA5 /* Pods-coding_test.release.xcconfig */ = {isa = PBXFileReference; includeInIndex = 1; lastKnownFileType = text.xcconfig; name = "Pods-coding_test.release.xcconfig"; path = "Pods/Target Support Files/Pods-coding_test/Pods-coding_test.release.xcconfig"; sourceTree = "<group>"; };
		961B59ECCA30FDB36B947D76 /* libPods-coding_test.a */ = {isa = PBXFileReference; explicitFileType = archive.ar; includeInIndex = 0; path = "libPods-coding_test.a"; sourceTree = BUILT_PRODUCTS_DIR; };
		BC7CC00D1EFBB9BA00BADD29 /* LaunchImage-320-480@2x.png */ = {isa = PBXFileReference; lastKnownFileType = image.png; path = "LaunchImage-320-480@2x.png"; sourceTree = "<group>"; };
		BC7CC00E1EFBB9BA00BADD29 /* LaunchImage-320-568h@2x.png */ = {isa = PBXFileReference; lastKnownFileType = image.png; path = "LaunchImage-320-568h@2x.png"; sourceTree = "<group>"; };
		BC7CC00F1EFBB9BA00BADD29 /* LaunchImage-375-667h@2x.png */ = {isa = PBXFileReference; lastKnownFileType = image.png; path = "LaunchImage-375-667h@2x.png"; sourceTree = "<group>"; };
		BC7CC0101EFBB9BA00BADD29 /* LaunchImage-414-736h@3x.png */ = {isa = PBXFileReference; lastKnownFileType = image.png; path = "LaunchImage-414-736h@3x.png"; sourceTree = "<group>"; };
		BC7CC0161EFBCC7A00BADD29 /* GlobalConst.h */ = {isa = PBXFileReference; lastKnownFileType = sourcecode.c.h; path = GlobalConst.h; sourceTree = "<group>"; };
		BC7CC0171EFBCD5D00BADD29 /* YTClientAPIService.h */ = {isa = PBXFileReference; fileEncoding = 4; lastKnownFileType = sourcecode.c.h; path = YTClientAPIService.h; sourceTree = "<group>"; };
		BC7CC0181EFBCD5D00BADD29 /* YTClientAPIService.m */ = {isa = PBXFileReference; fileEncoding = 4; lastKnownFileType = sourcecode.c.objc; path = YTClientAPIService.m; sourceTree = "<group>"; };
		BC7CC01A1EFBD1A600BADD29 /* YTUserModel.h */ = {isa = PBXFileReference; fileEncoding = 4; lastKnownFileType = sourcecode.c.h; path = YTUserModel.h; sourceTree = "<group>"; };
		BC7CC01B1EFBD1A600BADD29 /* YTUserModel.m */ = {isa = PBXFileReference; fileEncoding = 4; lastKnownFileType = sourcecode.c.objc; path = YTUserModel.m; sourceTree = "<group>"; };
		BC7CC01D1EFBD49200BADD29 /* main.m */ = {isa = PBXFileReference; fileEncoding = 4; lastKnownFileType = sourcecode.c.objc; path = main.m; sourceTree = "<group>"; };
		BC7CC01F1EFBD49D00BADD29 /* Info.plist */ = {isa = PBXFileReference; fileEncoding = 4; lastKnownFileType = text.plist.xml; path = Info.plist; sourceTree = "<group>"; };
		BC7CC0211EFBD70F00BADD29 /* YTClientAPIManager.h */ = {isa = PBXFileReference; fileEncoding = 4; lastKnownFileType = sourcecode.c.h; path = YTClientAPIManager.h; sourceTree = "<group>"; };
		BC7CC0221EFBD70F00BADD29 /* YTClientAPIManager.m */ = {isa = PBXFileReference; fileEncoding = 4; lastKnownFileType = sourcecode.c.objc; path = YTClientAPIManager.m; sourceTree = "<group>"; };
		BC96989C1EFBB1C10062D5B6 /* YTBaseViewController.h */ = {isa = PBXFileReference; fileEncoding = 4; lastKnownFileType = sourcecode.c.h; path = YTBaseViewController.h; sourceTree = "<group>"; };
		BC96989D1EFBB1C10062D5B6 /* YTBaseViewController.m */ = {isa = PBXFileReference; fileEncoding = 4; lastKnownFileType = sourcecode.c.objc; path = YTBaseViewController.m; sourceTree = "<group>"; };
		BC96989E1EFBB1C10062D5B6 /* YTMessageViewController.h */ = {isa = PBXFileReference; fileEncoding = 4; lastKnownFileType = sourcecode.c.h; path = YTMessageViewController.h; sourceTree = "<group>"; };
		BC96989F1EFBB1C10062D5B6 /* YTMessageViewController.m */ = {isa = PBXFileReference; fileEncoding = 4; lastKnownFileType = sourcecode.c.objc; path = YTMessageViewController.m; sourceTree = "<group>"; };
		BC9698A01EFBB1C10062D5B6 /* YTMineViewController.h */ = {isa = PBXFileReference; fileEncoding = 4; lastKnownFileType = sourcecode.c.h; path = YTMineViewController.h; sourceTree = "<group>"; };
		BC9698A11EFBB1C10062D5B6 /* YTMineViewController.m */ = {isa = PBXFileReference; fileEncoding = 4; lastKnownFileType = sourcecode.c.objc; path = YTMineViewController.m; sourceTree = "<group>"; };
		BC9698A21EFBB1C10062D5B6 /* YTProjectViewController.h */ = {isa = PBXFileReference; fileEncoding = 4; lastKnownFileType = sourcecode.c.h; path = YTProjectViewController.h; sourceTree = "<group>"; };
		BC9698A31EFBB1C10062D5B6 /* YTProjectViewController.m */ = {isa = PBXFileReference; fileEncoding = 4; lastKnownFileType = sourcecode.c.objc; path = YTProjectViewController.m; sourceTree = "<group>"; };
		BC9698A41EFBB1C10062D5B6 /* YTRootNavController.h */ = {isa = PBXFileReference; fileEncoding = 4; lastKnownFileType = sourcecode.c.h; path = YTRootNavController.h; sourceTree = "<group>"; };
		BC9698A51EFBB1C10062D5B6 /* YTRootNavController.m */ = {isa = PBXFileReference; fileEncoding = 4; lastKnownFileType = sourcecode.c.objc; path = YTRootNavController.m; sourceTree = "<group>"; };
		BC9698A61EFBB1C10062D5B6 /* YTRootTabbarController.h */ = {isa = PBXFileReference; fileEncoding = 4; lastKnownFileType = sourcecode.c.h; path = YTRootTabbarController.h; sourceTree = "<group>"; };
		BC9698A71EFBB1C10062D5B6 /* YTRootTabbarController.m */ = {isa = PBXFileReference; fileEncoding = 4; lastKnownFileType = sourcecode.c.objc; path = YTRootTabbarController.m; sourceTree = "<group>"; };
		BC9698A81EFBB1C10062D5B6 /* YTTaskViewController.h */ = {isa = PBXFileReference; fileEncoding = 4; lastKnownFileType = sourcecode.c.h; path = YTTaskViewController.h; sourceTree = "<group>"; };
		BC9698A91EFBB1C10062D5B6 /* YTTaskViewController.m */ = {isa = PBXFileReference; fileEncoding = 4; lastKnownFileType = sourcecode.c.objc; path = YTTaskViewController.m; sourceTree = "<group>"; };
		BC9698AA1EFBB1C10062D5B6 /* YTTweetViewController.h */ = {isa = PBXFileReference; fileEncoding = 4; lastKnownFileType = sourcecode.c.h; path = YTTweetViewController.h; sourceTree = "<group>"; };
		BC9698AB1EFBB1C10062D5B6 /* YTTweetViewController.m */ = {isa = PBXFileReference; fileEncoding = 4; lastKnownFileType = sourcecode.c.objc; path = YTTweetViewController.m; sourceTree = "<group>"; };
		BC9698B41EFBB1DD0062D5B6 /* coding_test.pch */ = {isa = PBXFileReference; lastKnownFileType = sourcecode.c.h; path = coding_test.pch; sourceTree = "<group>"; };
		BCF3A3361EFBA45100A431E2 /* coding_test.app */ = {isa = PBXFileReference; explicitFileType = wrapper.application; includeInIndex = 0; path = coding_test.app; sourceTree = BUILT_PRODUCTS_DIR; };
		BCF3A33C1EFBA45100A431E2 /* AppDelegate.h */ = {isa = PBXFileReference; lastKnownFileType = sourcecode.c.h; path = AppDelegate.h; sourceTree = "<group>"; };
		BCF3A33D1EFBA45100A431E2 /* AppDelegate.m */ = {isa = PBXFileReference; lastKnownFileType = sourcecode.c.objc; path = AppDelegate.m; sourceTree = "<group>"; };
		BCF3A3451EFBA45100A431E2 /* Assets.xcassets */ = {isa = PBXFileReference; lastKnownFileType = folder.assetcatalog; path = Assets.xcassets; sourceTree = "<group>"; };
		FE44AC51D3C57B24A2E87965 /* Pods-coding_test.debug.xcconfig */ = {isa = PBXFileReference; includeInIndex = 1; lastKnownFileType = text.xcconfig; name = "Pods-coding_test.debug.xcconfig"; path = "Pods/Target Support Files/Pods-coding_test/Pods-coding_test.debug.xcconfig"; sourceTree = "<group>"; };
/* End PBXFileReference section */

/* Begin PBXFrameworksBuildPhase section */
		BCF3A3331EFBA45100A431E2 /* Frameworks */ = {
			isa = PBXFrameworksBuildPhase;
			buildActionMask = 2147483647;
			files = (
				F8CBDE39DCE706DF3C143641 /* libPods-coding_test.a in Frameworks */,
			);
			runOnlyForDeploymentPostprocessing = 0;
		};
/* End PBXFrameworksBuildPhase section */

/* Begin PBXGroup section */
		BC7CC0151EFBCC2000BADD29 /* service */ = {
			isa = PBXGroup;
			children = (
				BC7CC0171EFBCD5D00BADD29 /* YTClientAPIService.h */,
				BC7CC0181EFBCD5D00BADD29 /* YTClientAPIService.m */,
				BC7CC0211EFBD70F00BADD29 /* YTClientAPIManager.h */,
				BC7CC0221EFBD70F00BADD29 /* YTClientAPIManager.m */,
			);
			path = service;
			sourceTree = "<group>";
		};
		BC9698761EFBB0510062D5B6 /* config */ = {
			isa = PBXGroup;
			children = (
				BC7CC01F1EFBD49D00BADD29 /* Info.plist */,
			);
			path = config;
			sourceTree = "<group>";
		};
		BC9698781EFBB0510062D5B6 /* other */ = {
			isa = PBXGroup;
			children = (
				BC7CC01D1EFBD49200BADD29 /* main.m */,
			);
			path = other;
			sourceTree = "<group>";
		};
		BC96987A1EFBB0510062D5B6 /* src */ = {
			isa = PBXGroup;
			children = (
				BC7CC0151EFBCC2000BADD29 /* service */,
				BC96987F1EFBB09D0062D5B6 /* controller */,
				BC96987E1EFBB09D0062D5B6 /* const */,
				BC9698801EFBB09D0062D5B6 /* model */,
				BC9698821EFBB09D0062D5B6 /* view */,
			);
			path = src;
			sourceTree = "<group>";
		};
		BC96987B1EFBB0510062D5B6 /* vender */ = {
			isa = PBXGroup;
			children = (
			);
			path = vender;
			sourceTree = "<group>";
		};
		BC96987E1EFBB09D0062D5B6 /* const */ = {
			isa = PBXGroup;
			children = (
				BC7CC0161EFBCC7A00BADD29 /* GlobalConst.h */,
			);
			path = const;
			sourceTree = "<group>";
		};
		BC96987F1EFBB09D0062D5B6 /* controller */ = {
			isa = PBXGroup;
			children = (
				BC96989B1EFBB1C10062D5B6 /* rootVC */,
			);
			path = controller;
			sourceTree = "<group>";
		};
		BC9698801EFBB09D0062D5B6 /* model */ = {
			isa = PBXGroup;
			children = (
				BC7CC01A1EFBD1A600BADD29 /* YTUserModel.h */,
				BC7CC01B1EFBD1A600BADD29 /* YTUserModel.m */,
			);
			path = model;
			sourceTree = "<group>";
		};
		BC9698821EFBB09D0062D5B6 /* view */ = {
			isa = PBXGroup;
			children = (
			);
			path = view;
			sourceTree = "<group>";
		};
		BC96989B1EFBB1C10062D5B6 /* rootVC */ = {
			isa = PBXGroup;
			children = (
				BC9698A41EFBB1C10062D5B6 /* YTRootNavController.h */,
				BC9698A51EFBB1C10062D5B6 /* YTRootNavController.m */,
				BC9698A61EFBB1C10062D5B6 /* YTRootTabbarController.h */,
				BC9698A71EFBB1C10062D5B6 /* YTRootTabbarController.m */,
				BC96989C1EFBB1C10062D5B6 /* YTBaseViewController.h */,
				BC96989D1EFBB1C10062D5B6 /* YTBaseViewController.m */,
				BC96989E1EFBB1C10062D5B6 /* YTMessageViewController.h */,
				BC96989F1EFBB1C10062D5B6 /* YTMessageViewController.m */,
				BC9698A01EFBB1C10062D5B6 /* YTMineViewController.h */,
				BC9698A11EFBB1C10062D5B6 /* YTMineViewController.m */,
				BC9698A21EFBB1C10062D5B6 /* YTProjectViewController.h */,
				BC9698A31EFBB1C10062D5B6 /* YTProjectViewController.m */,
				BC9698A81EFBB1C10062D5B6 /* YTTaskViewController.h */,
				BC9698A91EFBB1C10062D5B6 /* YTTaskViewController.m */,
				BC9698AA1EFBB1C10062D5B6 /* YTTweetViewController.h */,
				BC9698AB1EFBB1C10062D5B6 /* YTTweetViewController.m */,
			);
			path = rootVC;
			sourceTree = "<group>";
		};
		BCF3A32D1EFBA45100A431E2 = {
			isa = PBXGroup;
			children = (
				BCF3A3381EFBA45100A431E2 /* coding_test */,
				BCF3A3371EFBA45100A431E2 /* Products */,
				EEA459C8CDAE15D8B46275D1 /* Pods */,
				C7395838989D15D1D1D13731 /* Frameworks */,
			);
			sourceTree = "<group>";
		};
		BCF3A3371EFBA45100A431E2 /* Products */ = {
			isa = PBXGroup;
			children = (
				BCF3A3361EFBA45100A431E2 /* coding_test.app */,
			);
			name = Products;
			sourceTree = "<group>";
		};
		BCF3A3381EFBA45100A431E2 /* coding_test */ = {
			isa = PBXGroup;
			children = (
				BC96987A1EFBB0510062D5B6 /* src */,
				BC9698761EFBB0510062D5B6 /* config */,
				BC9698781EFBB0510062D5B6 /* other */,
				BC96987B1EFBB0510062D5B6 /* vender */,
				BCF3A33C1EFBA45100A431E2 /* AppDelegate.h */,
				BCF3A33D1EFBA45100A431E2 /* AppDelegate.m */,
				BC9698B41EFBB1DD0062D5B6 /* coding_test.pch */,
				BCF3A3451EFBA45100A431E2 /* Assets.xcassets */,
				BC7CC00D1EFBB9BA00BADD29 /* LaunchImage-320-480@2x.png */,
				BC7CC00E1EFBB9BA00BADD29 /* LaunchImage-320-568h@2x.png */,
				BC7CC00F1EFBB9BA00BADD29 /* LaunchImage-375-667h@2x.png */,
				BC7CC0101EFBB9BA00BADD29 /* LaunchImage-414-736h@3x.png */,
			);
			path = coding_test;
			sourceTree = "<group>";
		};
		C7395838989D15D1D1D13731 /* Frameworks */ = {
			isa = PBXGroup;
			children = (
				961B59ECCA30FDB36B947D76 /* libPods-coding_test.a */,
			);
			name = Frameworks;
			sourceTree = "<group>";
		};
		EEA459C8CDAE15D8B46275D1 /* Pods */ = {
			isa = PBXGroup;
			children = (
				FE44AC51D3C57B24A2E87965 /* Pods-coding_test.debug.xcconfig */,
				2D80D8412A7AC2F7189EFEA5 /* Pods-coding_test.release.xcconfig */,
			);
			name = Pods;
			sourceTree = "<group>";
		};
/* End PBXGroup section */

/* Begin PBXNativeTarget section */
		BCF3A3351EFBA45100A431E2 /* coding_test */ = {
			isa = PBXNativeTarget;
			buildConfigurationList = BCF3A34D1EFBA45100A431E2 /* Build configuration list for PBXNativeTarget "coding_test" */;
			buildPhases = (
				CE3BABC525A56C7369A76B35 /* [CP] Check Pods Manifest.lock */,
				BCF3A3321EFBA45100A431E2 /* Sources */,
				BCF3A3331EFBA45100A431E2 /* Frameworks */,
				BCF3A3341EFBA45100A431E2 /* Resources */,
				FFFC288559BAD5716A007849 /* [CP] Embed Pods Frameworks */,
				D34D29D2CDD533F024022AF0 /* [CP] Copy Pods Resources */,
			);
			buildRules = (
			);
			dependencies = (
			);
			name = coding_test;
			productName = coding_test;
			productReference = BCF3A3361EFBA45100A431E2 /* coding_test.app */;
			productType = "com.apple.product-type.application";
		};
/* End PBXNativeTarget section */

/* Begin PBXProject section */
		BCF3A32E1EFBA45100A431E2 /* Project object */ = {
			isa = PBXProject;
			attributes = {
				CLASSPREFIX = YT;
				LastUpgradeCheck = 0830;
				ORGANIZATIONNAME = yangxutao;
				TargetAttributes = {
					BCF3A3351EFBA45100A431E2 = {
						CreatedOnToolsVersion = 8.3.2;
						DevelopmentTeam = 92852ZS52N;
						ProvisioningStyle = Automatic;
					};
				};
			};
			buildConfigurationList = BCF3A3311EFBA45100A431E2 /* Build configuration list for PBXProject "coding_test" */;
			compatibilityVersion = "Xcode 3.2";
			developmentRegion = English;
			hasScannedForEncodings = 0;
			knownRegions = (
				en,
				Base,
			);
			mainGroup = BCF3A32D1EFBA45100A431E2;
			productRefGroup = BCF3A3371EFBA45100A431E2 /* Products */;
			projectDirPath = "";
			projectRoot = "";
			targets = (
				BCF3A3351EFBA45100A431E2 /* coding_test */,
			);
		};
/* End PBXProject section */

/* Begin PBXResourcesBuildPhase section */
		BCF3A3341EFBA45100A431E2 /* Resources */ = {
			isa = PBXResourcesBuildPhase;
			buildActionMask = 2147483647;
			files = (
				BC7CC0131EFBB9BA00BADD29 /* LaunchImage-375-667h@2x.png in Resources */,
				BC7CC0121EFBB9BA00BADD29 /* LaunchImage-320-568h@2x.png in Resources */,
				BC7CC0201EFBD49D00BADD29 /* Info.plist in Resources */,
				BC7CC0141EFBB9BA00BADD29 /* LaunchImage-414-736h@3x.png in Resources */,
				BC7CC0111EFBB9BA00BADD29 /* LaunchImage-320-480@2x.png in Resources */,
				BCF3A3461EFBA45100A431E2 /* Assets.xcassets in Resources */,
			);
			runOnlyForDeploymentPostprocessing = 0;
		};
/* End PBXResourcesBuildPhase section */

/* Begin PBXShellScriptBuildPhase section */
		CE3BABC525A56C7369A76B35 /* [CP] Check Pods Manifest.lock */ = {
			isa = PBXShellScriptBuildPhase;
			buildActionMask = 2147483647;
			files = (
			);
			inputPaths = (
			);
			name = "[CP] Check Pods Manifest.lock";
			outputPaths = (
			);
			runOnlyForDeploymentPostprocessing = 0;
			shellPath = /bin/sh;
			shellScript = "diff \"${PODS_ROOT}/../Podfile.lock\" \"${PODS_ROOT}/Manifest.lock\" > /dev/null\nif [ $? != 0 ] ; then\n    # print error to STDERR\n    echo \"error: The sandbox is not in sync with the Podfile.lock. Run 'pod install' or update your CocoaPods installation.\" >&2\n    exit 1\nfi\n";
			showEnvVarsInLog = 0;
		};
		D34D29D2CDD533F024022AF0 /* [CP] Copy Pods Resources */ = {
			isa = PBXShellScriptBuildPhase;
			buildActionMask = 2147483647;
			files = (
			);
			inputPaths = (
			);
			name = "[CP] Copy Pods Resources";
			outputPaths = (
			);
			runOnlyForDeploymentPostprocessing = 0;
			shellPath = /bin/sh;
			shellScript = "\"${SRCROOT}/Pods/Target Support Files/Pods-coding_test/Pods-coding_test-resources.sh\"\n";
			showEnvVarsInLog = 0;
		};
		FFFC288559BAD5716A007849 /* [CP] Embed Pods Frameworks */ = {
			isa = PBXShellScriptBuildPhase;
			buildActionMask = 2147483647;
			files = (
			);
			inputPaths = (
			);
			name = "[CP] Embed Pods Frameworks";
			outputPaths = (
			);
			runOnlyForDeploymentPostprocessing = 0;
			shellPath = /bin/sh;
			shellScript = "\"${SRCROOT}/Pods/Target Support Files/Pods-coding_test/Pods-coding_test-frameworks.sh\"\n";
			showEnvVarsInLog = 0;
		};
/* End PBXShellScriptBuildPhase section */

/* Begin PBXSourcesBuildPhase section */
		BCF3A3321EFBA45100A431E2 /* Sources */ = {
			isa = PBXSourcesBuildPhase;
			buildActionMask = 2147483647;
			files = (
				BC9698AE1EFBB1C10062D5B6 /* YTMineViewController.m in Sources */,
				BC9698AD1EFBB1C10062D5B6 /* YTMessageViewController.m in Sources */,
				BC9698AF1EFBB1C10062D5B6 /* YTProjectViewController.m in Sources */,
				BC7CC0231EFBD70F00BADD29 /* YTClientAPIManager.m in Sources */,
				BC9698B11EFBB1C10062D5B6 /* YTRootTabbarController.m in Sources */,
				BCF3A33E1EFBA45100A431E2 /* AppDelegate.m in Sources */,
				BC9698AC1EFBB1C10062D5B6 /* YTBaseViewController.m in Sources */,
				BC9698B31EFBB1C10062D5B6 /* YTTweetViewController.m in Sources */,
				BC9698B21EFBB1C10062D5B6 /* YTTaskViewController.m in Sources */,
				BC7CC01C1EFBD1A600BADD29 /* YTUserModel.m in Sources */,
				BC7CC0191EFBCD5D00BADD29 /* YTClientAPIService.m in Sources */,
				BC7CC01E1EFBD49200BADD29 /* main.m in Sources */,
				BC9698B01EFBB1C10062D5B6 /* YTRootNavController.m in Sources */,
			);
			runOnlyForDeploymentPostprocessing = 0;
		};
/* End PBXSourcesBuildPhase section */

/* Begin XCBuildConfiguration section */
		BCF3A34B1EFBA45100A431E2 /* Debug */ = {
			isa = XCBuildConfiguration;
			buildSettings = {
				ALWAYS_SEARCH_USER_PATHS = NO;
				CLANG_ANALYZER_NONNULL = YES;
				CLANG_ANALYZER_NUMBER_OBJECT_CONVERSION = YES_AGGRESSIVE;
				CLANG_CXX_LANGUAGE_STANDARD = "gnu++0x";
				CLANG_CXX_LIBRARY = "libc++";
				CLANG_ENABLE_MODULES = YES;
				CLANG_ENABLE_OBJC_ARC = YES;
				CLANG_WARN_BOOL_CONVERSION = YES;
				CLANG_WARN_CONSTANT_CONVERSION = YES;
				CLANG_WARN_DIRECT_OBJC_ISA_USAGE = YES_ERROR;
				CLANG_WARN_DOCUMENTATION_COMMENTS = YES;
				CLANG_WARN_EMPTY_BODY = YES;
				CLANG_WARN_ENUM_CONVERSION = YES;
				CLANG_WARN_INFINITE_RECURSION = YES;
				CLANG_WARN_INT_CONVERSION = YES;
				CLANG_WARN_OBJC_ROOT_CLASS = YES_ERROR;
				CLANG_WARN_SUSPICIOUS_MOVE = YES;
				CLANG_WARN_UNREACHABLE_CODE = YES;
				CLANG_WARN__DUPLICATE_METHOD_MATCH = YES;
				"CODE_SIGN_IDENTITY[sdk=iphoneos*]" = "iPhone Developer";
				COPY_PHASE_STRIP = NO;
				DEBUG_INFORMATION_FORMAT = dwarf;
				ENABLE_STRICT_OBJC_MSGSEND = YES;
				ENABLE_TESTABILITY = YES;
				GCC_C_LANGUAGE_STANDARD = gnu99;
				GCC_DYNAMIC_NO_PIC = NO;
				GCC_NO_COMMON_BLOCKS = YES;
				GCC_OPTIMIZATION_LEVEL = 0;
				GCC_PREPROCESSOR_DEFINITIONS = (
					"DEBUG=1",
					"$(inherited)",
				);
				GCC_WARN_64_TO_32_BIT_CONVERSION = YES;
				GCC_WARN_ABOUT_RETURN_TYPE = YES_ERROR;
				GCC_WARN_UNDECLARED_SELECTOR = YES;
				GCC_WARN_UNINITIALIZED_AUTOS = YES_AGGRESSIVE;
				GCC_WARN_UNUSED_FUNCTION = YES;
				GCC_WARN_UNUSED_VARIABLE = YES;
				IPHONEOS_DEPLOYMENT_TARGET = 8.0;
				MTL_ENABLE_DEBUG_INFO = YES;
				ONLY_ACTIVE_ARCH = YES;
				SDKROOT = iphoneos;
			};
			name = Debug;
		};
		BCF3A34C1EFBA45100A431E2 /* Release */ = {
			isa = XCBuildConfiguration;
			buildSettings = {
				ALWAYS_SEARCH_USER_PATHS = NO;
				CLANG_ANALYZER_NONNULL = YES;
				CLANG_ANALYZER_NUMBER_OBJECT_CONVERSION = YES_AGGRESSIVE;
				CLANG_CXX_LANGUAGE_STANDARD = "gnu++0x";
				CLANG_CXX_LIBRARY = "libc++";
				CLANG_ENABLE_MODULES = YES;
				CLANG_ENABLE_OBJC_ARC = YES;
				CLANG_WARN_BOOL_CONVERSION = YES;
				CLANG_WARN_CONSTANT_CONVERSION = YES;
				CLANG_WARN_DIRECT_OBJC_ISA_USAGE = YES_ERROR;
				CLANG_WARN_DOCUMENTATION_COMMENTS = YES;
				CLANG_WARN_EMPTY_BODY = YES;
				CLANG_WARN_ENUM_CONVERSION = YES;
				CLANG_WARN_INFINITE_RECURSION = YES;
				CLANG_WARN_INT_CONVERSION = YES;
				CLANG_WARN_OBJC_ROOT_CLASS = YES_ERROR;
				CLANG_WARN_SUSPICIOUS_MOVE = YES;
				CLANG_WARN_UNREACHABLE_CODE = YES;
				CLANG_WARN__DUPLICATE_METHOD_MATCH = YES;
				"CODE_SIGN_IDENTITY[sdk=iphoneos*]" = "iPhone Developer";
				COPY_PHASE_STRIP = NO;
				DEBUG_INFORMATION_FORMAT = "dwarf-with-dsym";
				ENABLE_NS_ASSERTIONS = NO;
				ENABLE_STRICT_OBJC_MSGSEND = YES;
				GCC_C_LANGUAGE_STANDARD = gnu99;
				GCC_NO_COMMON_BLOCKS = YES;
				GCC_WARN_64_TO_32_BIT_CONVERSION = YES;
				GCC_WARN_ABOUT_RETURN_TYPE = YES_ERROR;
				GCC_WARN_UNDECLARED_SELECTOR = YES;
				GCC_WARN_UNINITIALIZED_AUTOS = YES_AGGRESSIVE;
				GCC_WARN_UNUSED_FUNCTION = YES;
				GCC_WARN_UNUSED_VARIABLE = YES;
				IPHONEOS_DEPLOYMENT_TARGET = 8.0;
				MTL_ENABLE_DEBUG_INFO = NO;
				SDKROOT = iphoneos;
				VALIDATE_PRODUCT = YES;
			};
			name = Release;
		};
		BCF3A34E1EFBA45100A431E2 /* Debug */ = {
			isa = XCBuildConfiguration;
			baseConfigurationReference = FE44AC51D3C57B24A2E87965 /* Pods-coding_test.debug.xcconfig */;
			buildSettings = {
				ASSETCATALOG_COMPILER_APPICON_NAME = AppIcon;
				ASSETCATALOG_COMPILER_LAUNCHIMAGE_NAME = LaunchImage;
				DEVELOPMENT_TEAM = 92852ZS52N;
				ENABLE_BITCODE = NO;
				GCC_PREFIX_HEADER = coding_test/coding_test.pch;
				INFOPLIST_FILE = coding_test/config/Info.plist;
				IPHONEOS_DEPLOYMENT_TARGET = 8.0;
				LD_RUNPATH_SEARCH_PATHS = "$(inherited) @executable_path/Frameworks";
				PRODUCT_BUNDLE_IDENTIFIER = "com.xiaoyun.coding-test";
				PRODUCT_NAME = "$(TARGET_NAME)";
			};
			name = Debug;
		};
		BCF3A34F1EFBA45100A431E2 /* Release */ = {
			isa = XCBuildConfiguration;
			baseConfigurationReference = 2D80D8412A7AC2F7189EFEA5 /* Pods-coding_test.release.xcconfig */;
			buildSettings = {
				ASSETCATALOG_COMPILER_APPICON_NAME = AppIcon;
				ASSETCATALOG_COMPILER_LAUNCHIMAGE_NAME = LaunchImage;
				DEVELOPMENT_TEAM = 92852ZS52N;
				GCC_PREFIX_HEADER = coding_test/coding_test.pch;
				INFOPLIST_FILE = coding_test/config/Info.plist;
				IPHONEOS_DEPLOYMENT_TARGET = 8.0;
				LD_RUNPATH_SEARCH_PATHS = "$(inherited) @executable_path/Frameworks";
				PRODUCT_BUNDLE_IDENTIFIER = "com.xiaoyun.coding-test";
				PRODUCT_NAME = "$(TARGET_NAME)";
			};
			name = Release;
		};
/* End XCBuildConfiguration section */

/* Begin XCConfigurationList section */
		BCF3A3311EFBA45100A431E2 /* Build configuration list for PBXProject "coding_test" */ = {
			isa = XCConfigurationList;
			buildConfigurations = (
				BCF3A34B1EFBA45100A431E2 /* Debug */,
				BCF3A34C1EFBA45100A431E2 /* Release */,
			);
			defaultConfigurationIsVisible = 0;
			defaultConfigurationName = Release;
		};
		BCF3A34D1EFBA45100A431E2 /* Build configuration list for PBXNativeTarget "coding_test" */ = {
			isa = XCConfigurationList;
			buildConfigurations = (
				BCF3A34E1EFBA45100A431E2 /* Debug */,
				BCF3A34F1EFBA45100A431E2 /* Release */,
			);
			defaultConfigurationIsVisible = 0;
			defaultConfigurationName = Release;
		};
/* End XCConfigurationList section */
	};
	rootObject = BCF3A32E1EFBA45100A431E2 /* Project object */;
}
